PODS:
  - IIUIAndBizConfig (0.1.5)

DEPENDENCIES:
  - IIUIAndBizConfig (from `../`)

EXTERNAL SOURCES:
  IIUIAndBizConfig:
    :path: "../"

SPEC CHECKSUMS:
  IIUIAndBizConfig: 8d87f10957f3c066fe667e78b3e02fc8e9329093

PODFILE CHECKSUM: f5322abfe2df3c80ff4d4381c607d023594b0452

COCOAPODS: 1.7.0.rc.2
